// !$*UTF8*$!
{
	archiveVersion = 1;
	classes = {
	};
	objectVersion = 56;
	objects = {

/* Begin PBXBuildFile section */
		ED0E22CC2DDB140C007DAC08 /* FarmEducationApp.swift in Sources */ = {isa = PBXBuildFile; fileRef = ED0E22CB2DDB140C007DAC08 /* FarmEducationApp.swift */; };
		ED0E22CE2DDB140C007DAC08 /* ContentView.swift in Sources */ = {isa = PBXBuildFile; fileRef = ED0E22CD2DDB140C007DAC08 /* ContentView.swift */; };
		ED0E22D02DDB140F007DAC08 /* Assets.xcassets in Resources */ = {isa = PBXBuildFile; fileRef = ED0E22CF2DDB140F007DAC08 /* Assets.xcassets */; };
		ED0E22D32DDB140F007DAC08 /* Preview Assets.xcassets in Resources */ = {isa = PBXBuildFile; fileRef = ED0E22D22DDB140F007DAC08 /* Preview Assets.xcassets */; };
		ED0E22DB2DDB159E007DAC08 /* WhatAnimalsEatView.swift in Sources */ = {isa = PBXBuildFile; fileRef = ED0E22DA2DDB159E007DAC08 /* WhatAnimalsEatView.swift */; };
		ED0E22DE2DDB1E62007DAC08 /* OptionButtonView.swift in Sources */ = {isa = PBXBuildFile; fileRef = ED0E22DD2DDB1E62007DAC08 /* OptionButtonView.swift */; };
		ED0E22E02DDB4FE0007DAC08 /* GameCardView.swift in Sources */ = {isa = PBXBuildFile; fileRef = ED0E22DF2DDB4FE0007DAC08 /* GameCardView.swift */; };
		ED0E22E32DDC6DD9007DAC08 /* GameType.swift in Sources */ = {isa = PBXBuildFile; fileRef = ED0E22E22DDC6DD9007DAC08 /* GameType.swift */; };
		ED0E22E62DDC796F007DAC08 /* CardDesign.swift in Sources */ = {isa = PBXBuildFile; fileRef = ED0E22E52DDC796F007DAC08 /* CardDesign.swift */; };
		ED46323E2DF185E1009CF8FD /* FlyUpAnimationView.swift in Sources */ = {isa = PBXBuildFile; fileRef = ED46323D2DF185E1009CF8FD /* FlyUpAnimationView.swift */; };
		ED4632432DF8571B009CF8FD /* TwirlingDropAnimationView.swift in Sources */ = {isa = PBXBuildFile; fileRef = ED4632422DF8571B009CF8FD /* TwirlingDropAnimationView.swift */; };
		ED4632452DFAF162009CF8FD /* FireWorksComponentView.swift in Sources */ = {isa = PBXBuildFile; fileRef = ED4632442DFAF162009CF8FD /* FireWorksComponentView.swift */; };
		ED4632472E028E24009CF8FD /* FireWorksAnimationView.swift in Sources */ = {isa = PBXBuildFile; fileRef = ED4632462E028E24009CF8FD /* FireWorksAnimationView.swift */; };
		ED5504652E27807000114A11 /* WhosePartIsThisView.swift in Sources */ = {isa = PBXBuildFile; fileRef = ED5504642E27807000114A11 /* WhosePartIsThisView.swift */; };
		ED5504672E297A5F00114A11 /* WhoIsMyPairView.swift in Sources */ = {isa = PBXBuildFile; fileRef = ED5504662E297A5F00114A11 /* WhoIsMyPairView.swift */; };
		ED5504692E2C349A00114A11 /* whoIsMyPair.json in Resources */ = {isa = PBXBuildFile; fileRef = ED5504682E2C349A00114A11 /* whoIsMyPair.json */; };
		ED55046B2E3370F300114A11 /* whosePartIsThis.json in Resources */ = {isa = PBXBuildFile; fileRef = ED55046A2E3370F300114A11 /* whosePartIsThis.json */; };
		ED55046F2E38EDBE00114A11 /* WhoIsMyPairViewModel.swift in Sources */ = {isa = PBXBuildFile; fileRef = ED55046E2E38EDBE00114A11 /* WhoIsMyPairViewModel.swift */; };
		EDC27CBA2DDF0AE10082C349 /* Question.swift in Sources */ = {isa = PBXBuildFile; fileRef = EDC27CB92DDF0AE10082C349 /* Question.swift */; };
		EDC27CC52DDF0C960082C349 /* JSONLoader.swift in Sources */ = {isa = PBXBuildFile; fileRef = EDC27CC42DDF0C960082C349 /* JSONLoader.swift */; };
		EDC27CC82DDF0D050082C349 /* QuestionViewModel.swift in Sources */ = {isa = PBXBuildFile; fileRef = EDC27CC72DDF0D050082C349 /* QuestionViewModel.swift */; };
		EDC27CCA2DDF14640082C349 /* QuestionRound.swift in Sources */ = {isa = PBXBuildFile; fileRef = EDC27CC92DDF14640082C349 /* QuestionRound.swift */; };
		EDC27CCD2DDF1DF70082C349 /* ColorExtention.swift in Sources */ = {isa = PBXBuildFile; fileRef = EDC27CCC2DDF1DF70082C349 /* ColorExtention.swift */; };
		EDC360CC2E03ED2100BC66FB /* ExplosionAnimationView.swift in Sources */ = {isa = PBXBuildFile; fileRef = EDC360CB2E03ED2100BC66FB /* ExplosionAnimationView.swift */; };
		EDC360D02E04144B00BC66FB /* RotationAnimationView.swift in Sources */ = {isa = PBXBuildFile; fileRef = EDC360CF2E04144B00BC66FB /* RotationAnimationView.swift */; };
		EDC360D22E054C7A00BC66FB /* Score.swift in Sources */ = {isa = PBXBuildFile; fileRef = EDC360D12E054C7A00BC66FB /* Score.swift */; };
		EDC360D42E054E5600BC66FB /* ScoreManager.swift in Sources */ = {isa = PBXBuildFile; fileRef = EDC360D32E054E5600BC66FB /* ScoreManager.swift */; };
		EDC360D62E0ABA3100BC66FB /* ViewExtention.swift in Sources */ = {isa = PBXBuildFile; fileRef = EDC360D52E0ABA3100BC66FB /* ViewExtention.swift */; };
		EDC360E02E1D482100BC66FB /* DataLoader.swift in Sources */ = {isa = PBXBuildFile; fileRef = EDC360DF2E1D482100BC66FB /* DataLoader.swift */; };
		EDC360E22E20F45700BC66FB /* whatAnimalsEat.json in Resources */ = {isa = PBXBuildFile; fileRef = EDC360E12E20F45700BC66FB /* whatAnimalsEat.json */; };
		EDC360E42E20F45C00BC66FB /* whereAnimalsLive.json in Resources */ = {isa = PBXBuildFile; fileRef = EDC360E32E20F45C00BC66FB /* whereAnimalsLive.json */; };
		EDC360E62E2130BC00BC66FB /* WhereAnimalsLiveView.swift in Sources */ = {isa = PBXBuildFile; fileRef = EDC360E52E2130BC00BC66FB /* WhereAnimalsLiveView.swift */; };
		EDC360E82E2186A900BC66FB /* Places.swift in Sources */ = {isa = PBXBuildFile; fileRef = EDC360E72E2186A800BC66FB /* Places.swift */; };
		EDC360EA2E22DDA300BC66FB /* WhichAnimalsShadowView.swift in Sources */ = {isa = PBXBuildFile; fileRef = EDC360E92E22DDA300BC66FB /* WhichAnimalsShadowView.swift */; };
		EDC360EC2E22E77400BC66FB /* whichAnimalsShadow.json in Resources */ = {isa = PBXBuildFile; fileRef = EDC360EB2E22E77400BC66FB /* whichAnimalsShadow.json */; };
		EDE26BEB2E4A024E009F9213 /* ImageLayout.swift in Sources */ = {isa = PBXBuildFile; fileRef = EDE26BEA2E4A024E009F9213 /* ImageLayout.swift */; };
		EDE26BED2E4A0441009F9213 /* StaticStore.swift in Sources */ = {isa = PBXBuildFile; fileRef = EDE26BEC2E4A0441009F9213 /* StaticStore.swift */; };
		EDE26BEF2E4B2655009F9213 /* Constants.swift in Sources */ = {isa = PBXBuildFile; fileRef = EDE26BEE2E4B2655009F9213 /* Constants.swift */; };
		EDE26BF12E4B2E2F009F9213 /* ExitView.swift in Sources */ = {isa = PBXBuildFile; fileRef = EDE26BF02E4B2E2F009F9213 /* ExitView.swift */; };
		EDE26BF52E4DBC2F009F9213 /* AnimationManager.swift in Sources */ = {isa = PBXBuildFile; fileRef = EDE26BF42E4DBC2F009F9213 /* AnimationManager.swift */; };
		EDE26BF72E4E0981009F9213 /* AudioManager.swift in Sources */ = {isa = PBXBuildFile; fileRef = EDE26BF62E4E0981009F9213 /* AudioManager.swift */; };
		EDE26BFE2E4E0B5B009F9213 /* correct.wav in Resources */ = {isa = PBXBuildFile; fileRef = EDE26BFD2E4E0B5B009F9213 /* correct.wav */; };
		EDE26C002E4E0B65009F9213 /* error.wav in Resources */ = {isa = PBXBuildFile; fileRef = EDE26BFF2E4E0B65009F9213 /* error.wav */; };
		EDE26C022E4F4D03009F9213 /* HapticManager.swift in Sources */ = {isa = PBXBuildFile; fileRef = EDE26C012E4F4D03009F9213 /* HapticManager.swift */; };
/* End PBXBuildFile section */

/* Begin PBXFileReference section */
		ED0E22C82DDB140C007DAC08 /* FarmEducation.app */ = {isa = PBXFileReference; explicitFileType = wrapper.application; includeInIndex = 0; path = FarmEducation.app; sourceTree = BUILT_PRODUCTS_DIR; };
		ED0E22CB2DDB140C007DAC08 /* FarmEducationApp.swift */ = {isa = PBXFileReference; lastKnownFileType = sourcecode.swift; path = FarmEducationApp.swift; sourceTree = "<group>"; };
		ED0E22CD2DDB140C007DAC08 /* ContentView.swift */ = {isa = PBXFileReference; lastKnownFileType = sourcecode.swift; path = ContentView.swift; sourceTree = "<group>"; };
		ED0E22CF2DDB140F007DAC08 /* Assets.xcassets */ = {isa = PBXFileReference; lastKnownFileType = folder.assetcatalog; path = Assets.xcassets; sourceTree = "<group>"; };
		ED0E22D22DDB140F007DAC08 /* Preview Assets.xcassets */ = {isa = PBXFileReference; lastKnownFileType = folder.assetcatalog; path = "Preview Assets.xcassets"; sourceTree = "<group>"; };
		ED0E22DA2DDB159E007DAC08 /* WhatAnimalsEatView.swift */ = {isa = PBXFileReference; lastKnownFileType = sourcecode.swift; path = WhatAnimalsEatView.swift; sourceTree = "<group>"; };
		ED0E22DD2DDB1E62007DAC08 /* OptionButtonView.swift */ = {isa = PBXFileReference; lastKnownFileType = sourcecode.swift; path = OptionButtonView.swift; sourceTree = "<group>"; };
		ED0E22DF2DDB4FE0007DAC08 /* GameCardView.swift */ = {isa = PBXFileReference; lastKnownFileType = sourcecode.swift; path = GameCardView.swift; sourceTree = "<group>"; };
		ED0E22E22DDC6DD9007DAC08 /* GameType.swift */ = {isa = PBXFileReference; lastKnownFileType = sourcecode.swift; path = GameType.swift; sourceTree = "<group>"; };
		ED0E22E52DDC796F007DAC08 /* CardDesign.swift */ = {isa = PBXFileReference; lastKnownFileType = sourcecode.swift; path = CardDesign.swift; sourceTree = "<group>"; };
		ED46323D2DF185E1009CF8FD /* FlyUpAnimationView.swift */ = {isa = PBXFileReference; lastKnownFileType = sourcecode.swift; path = FlyUpAnimationView.swift; sourceTree = "<group>"; };
		ED4632422DF8571B009CF8FD /* TwirlingDropAnimationView.swift */ = {isa = PBXFileReference; lastKnownFileType = sourcecode.swift; path = TwirlingDropAnimationView.swift; sourceTree = "<group>"; };
		ED4632442DFAF162009CF8FD /* FireWorksComponentView.swift */ = {isa = PBXFileReference; lastKnownFileType = sourcecode.swift; path = FireWorksComponentView.swift; sourceTree = "<group>"; };
		ED4632462E028E24009CF8FD /* FireWorksAnimationView.swift */ = {isa = PBXFileReference; lastKnownFileType = sourcecode.swift; path = FireWorksAnimationView.swift; sourceTree = "<group>"; };
		ED5504642E27807000114A11 /* WhosePartIsThisView.swift */ = {isa = PBXFileReference; lastKnownFileType = sourcecode.swift; path = WhosePartIsThisView.swift; sourceTree = "<group>"; };
		ED5504662E297A5F00114A11 /* WhoIsMyPairView.swift */ = {isa = PBXFileReference; lastKnownFileType = sourcecode.swift; path = WhoIsMyPairView.swift; sourceTree = "<group>"; };
		ED5504682E2C349A00114A11 /* whoIsMyPair.json */ = {isa = PBXFileReference; fileEncoding = 4; lastKnownFileType = text.json; path = whoIsMyPair.json; sourceTree = "<group>"; };
		ED55046A2E3370F300114A11 /* whosePartIsThis.json */ = {isa = PBXFileReference; fileEncoding = 4; lastKnownFileType = text.json; path = whosePartIsThis.json; sourceTree = "<group>"; };
		ED55046E2E38EDBE00114A11 /* WhoIsMyPairViewModel.swift */ = {isa = PBXFileReference; lastKnownFileType = sourcecode.swift; path = WhoIsMyPairViewModel.swift; sourceTree = "<group>"; };
		EDC27CB92DDF0AE10082C349 /* Question.swift */ = {isa = PBXFileReference; lastKnownFileType = sourcecode.swift; path = Question.swift; sourceTree = "<group>"; };
		EDC27CC42DDF0C960082C349 /* JSONLoader.swift */ = {isa = PBXFileReference; lastKnownFileType = sourcecode.swift; path = JSONLoader.swift; sourceTree = "<group>"; };
		EDC27CC72DDF0D050082C349 /* QuestionViewModel.swift */ = {isa = PBXFileReference; lastKnownFileType = sourcecode.swift; path = QuestionViewModel.swift; sourceTree = "<group>"; };
		EDC27CC92DDF14640082C349 /* QuestionRound.swift */ = {isa = PBXFileReference; lastKnownFileType = sourcecode.swift; path = QuestionRound.swift; sourceTree = "<group>"; };
		EDC27CCC2DDF1DF70082C349 /* ColorExtention.swift */ = {isa = PBXFileReference; lastKnownFileType = sourcecode.swift; path = ColorExtention.swift; sourceTree = "<group>"; };
		EDC360CB2E03ED2100BC66FB /* ExplosionAnimationView.swift */ = {isa = PBXFileReference; lastKnownFileType = sourcecode.swift; path = ExplosionAnimationView.swift; sourceTree = "<group>"; };
		EDC360CF2E04144B00BC66FB /* RotationAnimationView.swift */ = {isa = PBXFileReference; lastKnownFileType = sourcecode.swift; path = RotationAnimationView.swift; sourceTree = "<group>"; };
		EDC360D12E054C7A00BC66FB /* Score.swift */ = {isa = PBXFileReference; lastKnownFileType = sourcecode.swift; path = Score.swift; sourceTree = "<group>"; };
		EDC360D32E054E5600BC66FB /* ScoreManager.swift */ = {isa = PBXFileReference; lastKnownFileType = sourcecode.swift; path = ScoreManager.swift; sourceTree = "<group>"; };
		EDC360D52E0ABA3100BC66FB /* ViewExtention.swift */ = {isa = PBXFileReference; lastKnownFileType = sourcecode.swift; path = ViewExtention.swift; sourceTree = "<group>"; };
		EDC360DF2E1D482100BC66FB /* DataLoader.swift */ = {isa = PBXFileReference; lastKnownFileType = sourcecode.swift; path = DataLoader.swift; sourceTree = "<group>"; };
		EDC360E12E20F45700BC66FB /* whatAnimalsEat.json */ = {isa = PBXFileReference; fileEncoding = 4; lastKnownFileType = text.json; path = whatAnimalsEat.json; sourceTree = "<group>"; };
		EDC360E32E20F45C00BC66FB /* whereAnimalsLive.json */ = {isa = PBXFileReference; fileEncoding = 4; lastKnownFileType = text.json; path = whereAnimalsLive.json; sourceTree = "<group>"; };
		EDC360E52E2130BC00BC66FB /* WhereAnimalsLiveView.swift */ = {isa = PBXFileReference; lastKnownFileType = sourcecode.swift; path = WhereAnimalsLiveView.swift; sourceTree = "<group>"; };
		EDC360E72E2186A800BC66FB /* Places.swift */ = {isa = PBXFileReference; lastKnownFileType = sourcecode.swift; path = Places.swift; sourceTree = "<group>"; };
		EDC360E92E22DDA300BC66FB /* WhichAnimalsShadowView.swift */ = {isa = PBXFileReference; lastKnownFileType = sourcecode.swift; path = WhichAnimalsShadowView.swift; sourceTree = "<group>"; };
		EDC360EB2E22E77400BC66FB /* whichAnimalsShadow.json */ = {isa = PBXFileReference; fileEncoding = 4; lastKnownFileType = text.json; path = whichAnimalsShadow.json; sourceTree = "<group>"; };
		EDE26BEA2E4A024E009F9213 /* ImageLayout.swift */ = {isa = PBXFileReference; lastKnownFileType = sourcecode.swift; path = ImageLayout.swift; sourceTree = "<group>"; };
		EDE26BEC2E4A0441009F9213 /* StaticStore.swift */ = {isa = PBXFileReference; lastKnownFileType = sourcecode.swift; path = StaticStore.swift; sourceTree = "<group>"; };
		EDE26BEE2E4B2655009F9213 /* Constants.swift */ = {isa = PBXFileReference; lastKnownFileType = sourcecode.swift; path = Constants.swift; sourceTree = "<group>"; };
		EDE26BF02E4B2E2F009F9213 /* ExitView.swift */ = {isa = PBXFileReference; lastKnownFileType = sourcecode.swift; path = ExitView.swift; sourceTree = "<group>"; };
		EDE26BF42E4DBC2F009F9213 /* AnimationManager.swift */ = {isa = PBXFileReference; lastKnownFileType = sourcecode.swift; path = AnimationManager.swift; sourceTree = "<group>"; };
		EDE26BF62E4E0981009F9213 /* AudioManager.swift */ = {isa = PBXFileReference; lastKnownFileType = sourcecode.swift; path = AudioManager.swift; sourceTree = "<group>"; };
		EDE26BFD2E4E0B5B009F9213 /* correct.wav */ = {isa = PBXFileReference; lastKnownFileType = audio.wav; name = correct.wav; path = ../../../../../im/sounds/correct.wav; sourceTree = "<group>"; };
		EDE26BFF2E4E0B65009F9213 /* error.wav */ = {isa = PBXFileReference; lastKnownFileType = audio.wav; name = error.wav; path = ../../../../../im/sounds/error.wav; sourceTree = "<group>"; };
		EDE26C012E4F4D03009F9213 /* HapticManager.swift */ = {isa = PBXFileReference; lastKnownFileType = sourcecode.swift; path = HapticManager.swift; sourceTree = "<group>"; };
/* End PBXFileReference section */

/* Begin PBXFrameworksBuildPhase section */
		ED0E22C52DDB140C007DAC08 /* Frameworks */ = {
			isa = PBXFrameworksBuildPhase;
			buildActionMask = 2147483647;
			files = (
			);
			runOnlyForDeploymentPostprocessing = 0;
		};
/* End PBXFrameworksBuildPhase section */

/* Begin PBXGroup section */
		ED0E22BF2DDB140C007DAC08 = {
			isa = PBXGroup;
			children = (
				ED0E22CA2DDB140C007DAC08 /* FarmEducation */,
				ED0E22C92DDB140C007DAC08 /* Products */,
			);
			sourceTree = "<group>";
		};
		ED0E22C92DDB140C007DAC08 /* Products */ = {
			isa = PBXGroup;
			children = (
				ED0E22C82DDB140C007DAC08 /* FarmEducation.app */,
			);
			name = Products;
			sourceTree = "<group>";
		};
		ED0E22CA2DDB140C007DAC08 /* FarmEducation */ = {
			isa = PBXGroup;
			children = (
				ED4632412DF1C0ED009CF8FD /* AnimationViews */,
				EDC27CCB2DDF1DDD0082C349 /* Extentions */,
				EDC27CC62DDF0CEF0082C349 /* ViewModel */,
				EDC27CBF2DDF0BE40082C349 /* Resources */,
				EDC27CBE2DDF0B9A0082C349 /* Utils */,
				ED0E22E42DDC795D007DAC08 /* Models */,
				ED0E22E12DDC6D6F007DAC08 /* Enums */,
				ED0E22DC2DDB1E0F007DAC08 /* Components */,
				ED0E22D92DDB153C007DAC08 /* View */,
				ED0E22CB2DDB140C007DAC08 /* FarmEducationApp.swift */,
				ED0E22CD2DDB140C007DAC08 /* ContentView.swift */,
				ED0E22CF2DDB140F007DAC08 /* Assets.xcassets */,
				ED0E22D12DDB140F007DAC08 /* Preview Content */,
			);
			path = FarmEducation;
			sourceTree = "<group>";
		};
		ED0E22D12DDB140F007DAC08 /* Preview Content */ = {
			isa = PBXGroup;
			children = (
				ED0E22D22DDB140F007DAC08 /* Preview Assets.xcassets */,
			);
			path = "Preview Content";
			sourceTree = "<group>";
		};
		ED0E22D92DDB153C007DAC08 /* View */ = {
			isa = PBXGroup;
			children = (
				ED0E22DA2DDB159E007DAC08 /* WhatAnimalsEatView.swift */,
				EDC360E52E2130BC00BC66FB /* WhereAnimalsLiveView.swift */,
				EDC360E92E22DDA300BC66FB /* WhichAnimalsShadowView.swift */,
				ED5504642E27807000114A11 /* WhosePartIsThisView.swift */,
				ED5504662E297A5F00114A11 /* WhoIsMyPairView.swift */,
			);
			path = View;
			sourceTree = "<group>";
		};
		ED0E22DC2DDB1E0F007DAC08 /* Components */ = {
			isa = PBXGroup;
			children = (
				ED0E22DD2DDB1E62007DAC08 /* OptionButtonView.swift */,
				ED0E22DF2DDB4FE0007DAC08 /* GameCardView.swift */,
				EDE26BF02E4B2E2F009F9213 /* ExitView.swift */,
			);
			path = Components;
			sourceTree = "<group>";
		};
		ED0E22E12DDC6D6F007DAC08 /* Enums */ = {
			isa = PBXGroup;
			children = (
				ED0E22E22DDC6DD9007DAC08 /* GameType.swift */,
				EDC360E72E2186A800BC66FB /* Places.swift */,
			);
			path = Enums;
			sourceTree = "<group>";
		};
		ED0E22E42DDC795D007DAC08 /* Models */ = {
			isa = PBXGroup;
			children = (
				ED0E22E52DDC796F007DAC08 /* CardDesign.swift */,
				EDC27CB92DDF0AE10082C349 /* Question.swift */,
				EDC27CC92DDF14640082C349 /* QuestionRound.swift */,
				EDC360D12E054C7A00BC66FB /* Score.swift */,
				EDE26BEA2E4A024E009F9213 /* ImageLayout.swift */,
			);
			path = Models;
			sourceTree = "<group>";
		};
		ED4632412DF1C0ED009CF8FD /* AnimationViews */ = {
			isa = PBXGroup;
			children = (
				ED46323D2DF185E1009CF8FD /* FlyUpAnimationView.swift */,
				ED4632422DF8571B009CF8FD /* TwirlingDropAnimationView.swift */,
				ED4632442DFAF162009CF8FD /* FireWorksComponentView.swift */,
				ED4632462E028E24009CF8FD /* FireWorksAnimationView.swift */,
				EDC360CF2E04144B00BC66FB /* RotationAnimationView.swift */,
				EDC360CB2E03ED2100BC66FB /* ExplosionAnimationView.swift */,
				EDE26BF42E4DBC2F009F9213 /* AnimationManager.swift */,
			);
			path = AnimationViews;
			sourceTree = "<group>";
		};
		EDC27CBE2DDF0B9A0082C349 /* Utils */ = {
			isa = PBXGroup;
			children = (
				EDC27CC42DDF0C960082C349 /* JSONLoader.swift */,
				EDC360DF2E1D482100BC66FB /* DataLoader.swift */,
				EDC360D32E054E5600BC66FB /* ScoreManager.swift */,
				EDE26BF62E4E0981009F9213 /* AudioManager.swift */,
				EDE26C012E4F4D03009F9213 /* HapticManager.swift */,
			);
			path = Utils;
			sourceTree = "<group>";
		};
		EDC27CBF2DDF0BE40082C349 /* Resources */ = {
			isa = PBXGroup;
			children = (
				EDE26BF82E4E0AE5009F9213 /* Sounds */,
				ED55046A2E3370F300114A11 /* whosePartIsThis.json */,
				ED5504682E2C349A00114A11 /* whoIsMyPair.json */,
				EDC360EB2E22E77400BC66FB /* whichAnimalsShadow.json */,
				EDC360E32E20F45C00BC66FB /* whereAnimalsLive.json */,
				EDC360E12E20F45700BC66FB /* whatAnimalsEat.json */,
				EDE26BEC2E4A0441009F9213 /* StaticStore.swift */,
				EDE26BEE2E4B2655009F9213 /* Constants.swift */,
			);
			path = Resources;
			sourceTree = "<group>";
		};
		EDC27CC62DDF0CEF0082C349 /* ViewModel */ = {
			isa = PBXGroup;
			children = (
				EDC27CC72DDF0D050082C349 /* QuestionViewModel.swift */,
				ED55046E2E38EDBE00114A11 /* WhoIsMyPairViewModel.swift */,
			);
			path = ViewModel;
			sourceTree = "<group>";
		};
		EDC27CCB2DDF1DDD0082C349 /* Extentions */ = {
			isa = PBXGroup;
			children = (
				EDC27CCC2DDF1DF70082C349 /* ColorExtention.swift */,
				EDC360D52E0ABA3100BC66FB /* ViewExtention.swift */,
			);
			path = Extentions;
			sourceTree = "<group>";
		};
		EDE26BF82E4E0AE5009F9213 /* Sounds */ = {
			isa = PBXGroup;
			children = (
				EDE26BFF2E4E0B65009F9213 /* error.wav */,
				EDE26BFD2E4E0B5B009F9213 /* correct.wav */,
			);
			path = Sounds;
			sourceTree = "<group>";
		};
/* End PBXGroup section */

/* Begin PBXNativeTarget section */
		ED0E22C72DDB140C007DAC08 /* FarmEducation */ = {
			isa = PBXNativeTarget;
			buildConfigurationList = ED0E22D62DDB140F007DAC08 /* Build configuration list for PBXNativeTarget "FarmEducation" */;
			buildPhases = (
				ED0E22C42DDB140C007DAC08 /* Sources */,
				ED0E22C52DDB140C007DAC08 /* Frameworks */,
				ED0E22C62DDB140C007DAC08 /* Resources */,
			);
			buildRules = (
			);
			dependencies = (
			);
			name = FarmEducation;
			productName = FarmEducation;
			productReference = ED0E22C82DDB140C007DAC08 /* FarmEducation.app */;
			productType = "com.apple.product-type.application";
		};
/* End PBXNativeTarget section */

/* Begin PBXProject section */
		ED0E22C02DDB140C007DAC08 /* Project object */ = {
			isa = PBXProject;
			attributes = {
				BuildIndependentTargetsInParallel = 1;
				LastSwiftUpdateCheck = 1520;
				LastUpgradeCheck = 1520;
				TargetAttributes = {
					ED0E22C72DDB140C007DAC08 = {
						CreatedOnToolsVersion = 15.2;
					};
				};
			};
			buildConfigurationList = ED0E22C32DDB140C007DAC08 /* Build configuration list for PBXProject "FarmEducation" */;
			compatibilityVersion = "Xcode 14.0";
			developmentRegion = en;
			hasScannedForEncodings = 0;
			knownRegions = (
				en,
				Base,
			);
			mainGroup = ED0E22BF2DDB140C007DAC08;
			productRefGroup = ED0E22C92DDB140C007DAC08 /* Products */;
			projectDirPath = "";
			projectRoot = "";
			targets = (
				ED0E22C72DDB140C007DAC08 /* FarmEducation */,
			);
		};
/* End PBXProject section */

/* Begin PBXResourcesBuildPhase section */
		ED0E22C62DDB140C007DAC08 /* Resources */ = {
			isa = PBXResourcesBuildPhase;
			buildActionMask = 2147483647;
			files = (
				ED0E22D32DDB140F007DAC08 /* Preview Assets.xcassets in Resources */,
				EDE26BFE2E4E0B5B009F9213 /* correct.wav in Resources */,
				EDC360EC2E22E77400BC66FB /* whichAnimalsShadow.json in Resources */,
				EDC360E42E20F45C00BC66FB /* whereAnimalsLive.json in Resources */,
				ED5504692E2C349A00114A11 /* whoIsMyPair.json in Resources */,
				EDE26C002E4E0B65009F9213 /* error.wav in Resources */,
				ED55046B2E3370F300114A11 /* whosePartIsThis.json in Resources */,
				EDC360E22E20F45700BC66FB /* whatAnimalsEat.json in Resources */,
				ED0E22D02DDB140F007DAC08 /* Assets.xcassets in Resources */,
			);
			runOnlyForDeploymentPostprocessing = 0;
		};
/* End PBXResourcesBuildPhase section */

/* Begin PBXSourcesBuildPhase section */
		ED0E22C42DDB140C007DAC08 /* Sources */ = {
			isa = PBXSourcesBuildPhase;
			buildActionMask = 2147483647;
			files = (
				EDE26BEB2E4A024E009F9213 /* ImageLayout.swift in Sources */,
				EDE26BED2E4A0441009F9213 /* StaticStore.swift in Sources */,
				EDC27CCD2DDF1DF70082C349 /* ColorExtention.swift in Sources */,
				ED4632452DFAF162009CF8FD /* FireWorksComponentView.swift in Sources */,
				ED0E22CE2DDB140C007DAC08 /* ContentView.swift in Sources */,
				ED4632472E028E24009CF8FD /* FireWorksAnimationView.swift in Sources */,
				EDC360EA2E22DDA300BC66FB /* WhichAnimalsShadowView.swift in Sources */,
				EDC27CCA2DDF14640082C349 /* QuestionRound.swift in Sources */,
				EDC360D42E054E5600BC66FB /* ScoreManager.swift in Sources */,
				EDE26BF52E4DBC2F009F9213 /* AnimationManager.swift in Sources */,
				EDC360D62E0ABA3100BC66FB /* ViewExtention.swift in Sources */,
				EDC360D02E04144B00BC66FB /* RotationAnimationView.swift in Sources */,
				EDC360E62E2130BC00BC66FB /* WhereAnimalsLiveView.swift in Sources */,
				EDC360E82E2186A900BC66FB /* Places.swift in Sources */,
				ED46323E2DF185E1009CF8FD /* FlyUpAnimationView.swift in Sources */,
				EDC27CBA2DDF0AE10082C349 /* Question.swift in Sources */,
				EDE26C022E4F4D03009F9213 /* HapticManager.swift in Sources */,
				EDC360E02E1D482100BC66FB /* DataLoader.swift in Sources */,
				EDC27CC82DDF0D050082C349 /* QuestionViewModel.swift in Sources */,
				ED4632432DF8571B009CF8FD /* TwirlingDropAnimationView.swift in Sources */,
				EDC27CC52DDF0C960082C349 /* JSONLoader.swift in Sources */,
				EDE26BF72E4E0981009F9213 /* AudioManager.swift in Sources */,
				EDE26BEF2E4B2655009F9213 /* Constants.swift in Sources */,
				ED0E22DE2DDB1E62007DAC08 /* OptionButtonView.swift in Sources */,
				ED0E22DB2DDB159E007DAC08 /* WhatAnimalsEatView.swift in Sources */,
				ED5504652E27807000114A11 /* WhosePartIsThisView.swift in Sources */,
				EDC360D22E054C7A00BC66FB /* Score.swift in Sources */,
				ED55046F2E38EDBE00114A11 /* WhoIsMyPairViewModel.swift in Sources */,
				ED0E22E02DDB4FE0007DAC08 /* GameCardView.swift in Sources */,
				ED0E22E62DDC796F007DAC08 /* CardDesign.swift in Sources */,
				EDC360CC2E03ED2100BC66FB /* ExplosionAnimationView.swift in Sources */,
				ED0E22CC2DDB140C007DAC08 /* FarmEducationApp.swift in Sources */,
				ED0E22E32DDC6DD9007DAC08 /* GameType.swift in Sources */,
				EDE26BF12E4B2E2F009F9213 /* ExitView.swift in Sources */,
				ED5504672E297A5F00114A11 /* WhoIsMyPairView.swift in Sources */,
			);
			runOnlyForDeploymentPostprocessing = 0;
		};
/* End PBXSourcesBuildPhase section */

/* Begin XCBuildConfiguration section */
		ED0E22D42DDB140F007DAC08 /* Debug */ = {
			isa = XCBuildConfiguration;
			buildSettings = {
				ALWAYS_SEARCH_USER_PATHS = NO;
				ASSETCATALOG_COMPILER_GENERATE_SWIFT_ASSET_SYMBOL_EXTENSIONS = YES;
				CLANG_ANALYZER_NONNULL = YES;
				CLANG_ANALYZER_NUMBER_OBJECT_CONVERSION = YES_AGGRESSIVE;
				CLANG_CXX_LANGUAGE_STANDARD = "gnu++20";
				CLANG_ENABLE_MODULES = YES;
				CLANG_ENABLE_OBJC_ARC = YES;
				CLANG_ENABLE_OBJC_WEAK = YES;
				CLANG_WARN_BLOCK_CAPTURE_AUTORELEASING = YES;
				CLANG_WARN_BOOL_CONVERSION = YES;
				CLANG_WARN_COMMA = YES;
				CLANG_WARN_CONSTANT_CONVERSION = YES;
				CLANG_WARN_DEPRECATED_OBJC_IMPLEMENTATIONS = YES;
				CLANG_WARN_DIRECT_OBJC_ISA_USAGE = YES_ERROR;
				CLANG_WARN_DOCUMENTATION_COMMENTS = YES;
				CLANG_WARN_EMPTY_BODY = YES;
				CLANG_WARN_ENUM_CONVERSION = YES;
				CLANG_WARN_INFINITE_RECURSION = YES;
				CLANG_WARN_INT_CONVERSION = YES;
				CLANG_WARN_NON_LITERAL_NULL_CONVERSION = YES;
				CLANG_WARN_OBJC_IMPLICIT_RETAIN_SELF = YES;
				CLANG_WARN_OBJC_LITERAL_CONVERSION = YES;
				CLANG_WARN_OBJC_ROOT_CLASS = YES_ERROR;
				CLANG_WARN_QUOTED_INCLUDE_IN_FRAMEWORK_HEADER = YES;
				CLANG_WARN_RANGE_LOOP_ANALYSIS = YES;
				CLANG_WARN_STRICT_PROTOTYPES = YES;
				CLANG_WARN_SUSPICIOUS_MOVE = YES;
				CLANG_WARN_UNGUARDED_AVAILABILITY = YES_AGGRESSIVE;
				CLANG_WARN_UNREACHABLE_CODE = YES;
				CLANG_WARN__DUPLICATE_METHOD_MATCH = YES;
				COPY_PHASE_STRIP = NO;
				DEBUG_INFORMATION_FORMAT = dwarf;
				ENABLE_STRICT_OBJC_MSGSEND = YES;
				ENABLE_TESTABILITY = YES;
				ENABLE_USER_SCRIPT_SANDBOXING = YES;
				GCC_C_LANGUAGE_STANDARD = gnu17;
				GCC_DYNAMIC_NO_PIC = NO;
				GCC_NO_COMMON_BLOCKS = YES;
				GCC_OPTIMIZATION_LEVEL = 0;
				GCC_PREPROCESSOR_DEFINITIONS = (
					"DEBUG=1",
					"$(inherited)",
				);
				GCC_WARN_64_TO_32_BIT_CONVERSION = YES;
				GCC_WARN_ABOUT_RETURN_TYPE = YES_ERROR;
				GCC_WARN_UNDECLARED_SELECTOR = YES;
				GCC_WARN_UNINITIALIZED_AUTOS = YES_AGGRESSIVE;
				GCC_WARN_UNUSED_FUNCTION = YES;
				GCC_WARN_UNUSED_VARIABLE = YES;
				IPHONEOS_DEPLOYMENT_TARGET = 17.2;
				LOCALIZATION_PREFERS_STRING_CATALOGS = YES;
				MTL_ENABLE_DEBUG_INFO = INCLUDE_SOURCE;
				MTL_FAST_MATH = YES;
				ONLY_ACTIVE_ARCH = YES;
				SDKROOT = iphoneos;
				SWIFT_ACTIVE_COMPILATION_CONDITIONS = "DEBUG $(inherited)";
				SWIFT_OPTIMIZATION_LEVEL = "-Onone";
			};
			name = Debug;
		};
		ED0E22D52DDB140F007DAC08 /* Release */ = {
			isa = XCBuildConfiguration;
			buildSettings = {
				ALWAYS_SEARCH_USER_PATHS = NO;
				ASSETCATALOG_COMPILER_GENERATE_SWIFT_ASSET_SYMBOL_EXTENSIONS = YES;
				CLANG_ANALYZER_NONNULL = YES;
				CLANG_ANALYZER_NUMBER_OBJECT_CONVERSION = YES_AGGRESSIVE;
				CLANG_CXX_LANGUAGE_STANDARD = "gnu++20";
				CLANG_ENABLE_MODULES = YES;
				CLANG_ENABLE_OBJC_ARC = YES;
				CLANG_ENABLE_OBJC_WEAK = YES;
				CLANG_WARN_BLOCK_CAPTURE_AUTORELEASING = YES;
				CLANG_WARN_BOOL_CONVERSION = YES;
				CLANG_WARN_COMMA = YES;
				CLANG_WARN_CONSTANT_CONVERSION = YES;
				CLANG_WARN_DEPRECATED_OBJC_IMPLEMENTATIONS = YES;
				CLANG_WARN_DIRECT_OBJC_ISA_USAGE = YES_ERROR;
				CLANG_WARN_DOCUMENTATION_COMMENTS = YES;
				CLANG_WARN_EMPTY_BODY = YES;
				CLANG_WARN_ENUM_CONVERSION = YES;
				CLANG_WARN_INFINITE_RECURSION = YES;
				CLANG_WARN_INT_CONVERSION = YES;
				CLANG_WARN_NON_LITERAL_NULL_CONVERSION = YES;
				CLANG_WARN_OBJC_IMPLICIT_RETAIN_SELF = YES;
				CLANG_WARN_OBJC_LITERAL_CONVERSION = YES;
				CLANG_WARN_OBJC_ROOT_CLASS = YES_ERROR;
				CLANG_WARN_QUOTED_INCLUDE_IN_FRAMEWORK_HEADER = YES;
				CLANG_WARN_RANGE_LOOP_ANALYSIS = YES;
				CLANG_WARN_STRICT_PROTOTYPES = YES;
				CLANG_WARN_SUSPICIOUS_MOVE = YES;
				CLANG_WARN_UNGUARDED_AVAILABILITY = YES_AGGRESSIVE;
				CLANG_WARN_UNREACHABLE_CODE = YES;
				CLANG_WARN__DUPLICATE_METHOD_MATCH = YES;
				COPY_PHASE_STRIP = NO;
				DEBUG_INFORMATION_FORMAT = "dwarf-with-dsym";
				ENABLE_NS_ASSERTIONS = NO;
				ENABLE_STRICT_OBJC_MSGSEND = YES;
				ENABLE_USER_SCRIPT_SANDBOXING = YES;
				GCC_C_LANGUAGE_STANDARD = gnu17;
				GCC_NO_COMMON_BLOCKS = YES;
				GCC_WARN_64_TO_32_BIT_CONVERSION = YES;
				GCC_WARN_ABOUT_RETURN_TYPE = YES_ERROR;
				GCC_WARN_UNDECLARED_SELECTOR = YES;
				GCC_WARN_UNINITIALIZED_AUTOS = YES_AGGRESSIVE;
				GCC_WARN_UNUSED_FUNCTION = YES;
				GCC_WARN_UNUSED_VARIABLE = YES;
				IPHONEOS_DEPLOYMENT_TARGET = 17.2;
				LOCALIZATION_PREFERS_STRING_CATALOGS = YES;
				MTL_ENABLE_DEBUG_INFO = NO;
				MTL_FAST_MATH = YES;
				SDKROOT = iphoneos;
				SWIFT_COMPILATION_MODE = wholemodule;
				VALIDATE_PRODUCT = YES;
			};
			name = Release;
		};
		ED0E22D72DDB140F007DAC08 /* Debug */ = {
			isa = XCBuildConfiguration;
			buildSettings = {
				ASSETCATALOG_COMPILER_APPICON_NAME = AppIcon;
				ASSETCATALOG_COMPILER_GLOBAL_ACCENT_COLOR_NAME = AccentColor;
				CODE_SIGN_STYLE = Automatic;
				CURRENT_PROJECT_VERSION = 1;
				DEVELOPMENT_ASSET_PATHS = "\"FarmEducation/Preview Content\"";
				DEVELOPMENT_TEAM = RVVH9Q88YP;
				ENABLE_PREVIEWS = YES;
				GENERATE_INFOPLIST_FILE = YES;
				INFOPLIST_KEY_UIApplicationSceneManifest_Generation = YES;
				INFOPLIST_KEY_UIApplicationSupportsIndirectInputEvents = YES;
				INFOPLIST_KEY_UILaunchScreen_Generation = YES;
				INFOPLIST_KEY_UISupportedInterfaceOrientations_iPad = "UIInterfaceOrientationPortrait UIInterfaceOrientationPortraitUpsideDown UIInterfaceOrientationLandscapeLeft UIInterfaceOrientationLandscapeRight";
				INFOPLIST_KEY_UISupportedInterfaceOrientations_iPhone = "UIInterfaceOrientationPortrait UIInterfaceOrientationLandscapeLeft UIInterfaceOrientationLandscapeRight";
				LD_RUNPATH_SEARCH_PATHS = (
					"$(inherited)",
					"@executable_path/Frameworks",
				);
				MARKETING_VERSION = 1.0;
				PRODUCT_BUNDLE_IDENTIFIER = com.farmeducation.FarmEducation;
				PRODUCT_NAME = "$(TARGET_NAME)";
				SWIFT_EMIT_LOC_STRINGS = YES;
				SWIFT_VERSION = 5.0;
				TARGETED_DEVICE_FAMILY = "1,2";
			};
			name = Debug;
		};
		ED0E22D82DDB140F007DAC08 /* Release */ = {
			isa = XCBuildConfiguration;
			buildSettings = {
				ASSETCATALOG_COMPILER_APPICON_NAME = AppIcon;
				ASSETCATALOG_COMPILER_GLOBAL_ACCENT_COLOR_NAME = AccentColor;
				CODE_SIGN_STYLE = Automatic;
				CURRENT_PROJECT_VERSION = 1;
				DEVELOPMENT_ASSET_PATHS = "\"FarmEducation/Preview Content\"";
				DEVELOPMENT_TEAM = RVVH9Q88YP;
				ENABLE_PREVIEWS = YES;
				GENERATE_INFOPLIST_FILE = YES;
				INFOPLIST_KEY_UIApplicationSceneManifest_Generation = YES;
				INFOPLIST_KEY_UIApplicationSupportsIndirectInputEvents = YES;
				INFOPLIST_KEY_UILaunchScreen_Generation = YES;
				INFOPLIST_KEY_UISupportedInterfaceOrientations_iPad = "UIInterfaceOrientationPortrait UIInterfaceOrientationPortraitUpsideDown UIInterfaceOrientationLandscapeLeft UIInterfaceOrientationLandscapeRight";
				INFOPLIST_KEY_UISupportedInterfaceOrientations_iPhone = "UIInterfaceOrientationPortrait UIInterfaceOrientationLandscapeLeft UIInterfaceOrientationLandscapeRight";
				LD_RUNPATH_SEARCH_PATHS = (
					"$(inherited)",
					"@executable_path/Frameworks",
				);
				MARKETING_VERSION = 1.0;
				PRODUCT_BUNDLE_IDENTIFIER = com.farmeducation.FarmEducation;
				PRODUCT_NAME = "$(TARGET_NAME)";
				SWIFT_EMIT_LOC_STRINGS = YES;
				SWIFT_VERSION = 5.0;
				TARGETED_DEVICE_FAMILY = "1,2";
			};
			name = Release;
		};
/* End XCBuildConfiguration section */

/* Begin XCConfigurationList section */
		ED0E22C32DDB140C007DAC08 /* Build configuration list for PBXProject "FarmEducation" */ = {
			isa = XCConfigurationList;
			buildConfigurations = (
				ED0E22D42DDB140F007DAC08 /* Debug */,
				ED0E22D52DDB140F007DAC08 /* Release */,
			);
			defaultConfigurationIsVisible = 0;
			defaultConfigurationName = Release;
		};
		ED0E22D62DDB140F007DAC08 /* Build configuration list for PBXNativeTarget "FarmEducation" */ = {
			isa = XCConfigurationList;
			buildConfigurations = (
				ED0E22D72DDB140F007DAC08 /* Debug */,
				ED0E22D82DDB140F007DAC08 /* Release */,
			);
			defaultConfigurationIsVisible = 0;
			defaultConfigurationName = Release;
		};
/* End XCConfigurationList section */
	};
	rootObject = ED0E22C02DDB140C007DAC08 /* Project object */;
}
